
Microsoft Visual Studio Solution File, Format Version 12.00
# Visual Studio Version 16
VisualStudioVersion = 16.0.31205.134
MinimumVisualStudioVersion = 10.0.40219.1
Project("{FAE04EC0-301F-11D3-BF4B-00C04F79EFBC}") = "CSBasic", "CSBasic\CSBasic.csproj", "{22A11C56-1905-4520-A2F8-1D61CFF55819}"
EndProject
Global
	GlobalSection(SolutionConfigurationPlatforms) = preSolution
		Debug|Any CPU = Debug|Any CPU
		Release|Any CPU = Release|Any CPU
	EndGlobalSection
	GlobalSection(ProjectConfigurationPlatforms) = postSolution
		{22A11C56-1905-4520-A2F8-1D61CFF55819}.Debug|Any CPU.ActiveCfg = Debug|Any CPU
		{22A11C56-1905-4520-A2F8-1D61CFF55819}.Debug|Any CPU.Build.0 = Debug|Any CPU
		{22A11C56-1905-4520-A2F8-1D61CFF55819}.Release|Any CPU.ActiveCfg = Release|Any CPU
		{22A11C56-1905-4520-A2F8-1D61CFF55819}.Release|Any CPU.Build.0 = Release|Any CPU
	EndGlobalSection
	GlobalSection(SolutionProperties) = preSolution
		HideSolutionNode = FALSE
	EndGlobalSection
	GlobalSection(ExtensibilityGlobals) = postSolution
		SolutionGuid = {CB0D05EA-57D8-458F-9444-1FDF8083EB92}
	EndGlobalSection
EndGlobal
